// !$*UTF8*$!
{
	archiveVersion = 1;
	classes = {
	};
	objectVersion = 56;
	objects = {

/* Begin PBXBuildFile section */
		48B5A5D4102096C4036F8347 /* Pods_ArtExplorer.framework in Frameworks */ = {isa = PBXBuildFile; fileRef = C53627ACDC2FA4D9DB0BF00F /* Pods_ArtExplorer.framework */; };
		7858A7FF2BBA40D900127F75 /* AppDelegate.swift in Sources */ = {isa = PBXBuildFile; fileRef = 7858A7FE2BBA40D900127F75 /* AppDelegate.swift */; };
		7858A8012BBA40D900127F75 /* SceneDelegate.swift in Sources */ = {isa = PBXBuildFile; fileRef = 7858A8002BBA40D900127F75 /* SceneDelegate.swift */; };
		7858A8082BBA40DB00127F75 /* Assets.xcassets in Resources */ = {isa = PBXBuildFile; fileRef = 7858A8072BBA40DB00127F75 /* Assets.xcassets */; };
		7858A80B2BBA40DB00127F75 /* LaunchScreen.storyboard in Resources */ = {isa = PBXBuildFile; fileRef = 7858A8092BBA40DB00127F75 /* LaunchScreen.storyboard */; };
		7858A8162BBA454E00127F75 /* Art.swift in Sources */ = {isa = PBXBuildFile; fileRef = 7858A8152BBA454E00127F75 /* Art.swift */; };
		7858A8182BBA763500127F75 /* RecommendationsViewController.swift in Sources */ = {isa = PBXBuildFile; fileRef = 7858A8172BBA763400127F75 /* RecommendationsViewController.swift */; };
		7858A81B2BBAE47D00127F75 /* StudyViewController.swift in Sources */ = {isa = PBXBuildFile; fileRef = 7858A81A2BBAE47D00127F75 /* StudyViewController.swift */; };
		7858A81D2BBAE4AA00127F75 /* EventsViewConroller.swift in Sources */ = {isa = PBXBuildFile; fileRef = 7858A81C2BBAE4AA00127F75 /* EventsViewConroller.swift */; };
		7858A81F2BBAE4CF00127F75 /* ProfileViewContoller.swift in Sources */ = {isa = PBXBuildFile; fileRef = 7858A81E2BBAE4CF00127F75 /* ProfileViewContoller.swift */; };
		7858A8212BBAE56600127F75 /* TabBarController.swift in Sources */ = {isa = PBXBuildFile; fileRef = 7858A8202BBAE56600127F75 /* TabBarController.swift */; };
		7858A8232BBB776300127F75 /* RecomendationTableViewCell.swift in Sources */ = {isa = PBXBuildFile; fileRef = 7858A8222BBB776300127F75 /* RecomendationTableViewCell.swift */; };
		78703E832BC3C323001DDA87 /* ProfileInfo.swift in Sources */ = {isa = PBXBuildFile; fileRef = 78703E822BC3C323001DDA87 /* ProfileInfo.swift */; };
		78703E852BC3C4B3001DDA87 /* Collection.swift in Sources */ = {isa = PBXBuildFile; fileRef = 78703E842BC3C4B3001DDA87 /* Collection.swift */; };
/* End PBXBuildFile section */

/* Begin PBXFileReference section */
		055AEF65631709EC386F760C /* Pods-ArtExplorer.release.xcconfig */ = {isa = PBXFileReference; includeInIndex = 1; lastKnownFileType = text.xcconfig; name = "Pods-ArtExplorer.release.xcconfig"; path = "Target Support Files/Pods-ArtExplorer/Pods-ArtExplorer.release.xcconfig"; sourceTree = "<group>"; };
		2262C1CCD3EA35B22DAA98BD /* Pods-ArtExplorer.debug.xcconfig */ = {isa = PBXFileReference; includeInIndex = 1; lastKnownFileType = text.xcconfig; name = "Pods-ArtExplorer.debug.xcconfig"; path = "Target Support Files/Pods-ArtExplorer/Pods-ArtExplorer.debug.xcconfig"; sourceTree = "<group>"; };
		7858A7FB2BBA40D900127F75 /* ArtExplorer.app */ = {isa = PBXFileReference; explicitFileType = wrapper.application; includeInIndex = 0; path = ArtExplorer.app; sourceTree = BUILT_PRODUCTS_DIR; };
		7858A7FE2BBA40D900127F75 /* AppDelegate.swift */ = {isa = PBXFileReference; lastKnownFileType = sourcecode.swift; path = AppDelegate.swift; sourceTree = "<group>"; };
		7858A8002BBA40D900127F75 /* SceneDelegate.swift */ = {isa = PBXFileReference; lastKnownFileType = sourcecode.swift; path = SceneDelegate.swift; sourceTree = "<group>"; };
		7858A8072BBA40DB00127F75 /* Assets.xcassets */ = {isa = PBXFileReference; lastKnownFileType = folder.assetcatalog; path = Assets.xcassets; sourceTree = "<group>"; };
		7858A80A2BBA40DB00127F75 /* Base */ = {isa = PBXFileReference; lastKnownFileType = file.storyboard; name = Base; path = Base.lproj/LaunchScreen.storyboard; sourceTree = "<group>"; };
		7858A80C2BBA40DB00127F75 /* Info.plist */ = {isa = PBXFileReference; lastKnownFileType = text.plist.xml; path = Info.plist; sourceTree = "<group>"; };
		7858A8152BBA454E00127F75 /* Art.swift */ = {isa = PBXFileReference; lastKnownFileType = sourcecode.swift; path = Art.swift; sourceTree = "<group>"; };
		7858A8172BBA763400127F75 /* RecommendationsViewController.swift */ = {isa = PBXFileReference; lastKnownFileType = sourcecode.swift; path = RecommendationsViewController.swift; sourceTree = "<group>"; };
		7858A81A2BBAE47D00127F75 /* StudyViewController.swift */ = {isa = PBXFileReference; lastKnownFileType = sourcecode.swift; path = StudyViewController.swift; sourceTree = "<group>"; };
		7858A81C2BBAE4AA00127F75 /* EventsViewConroller.swift */ = {isa = PBXFileReference; lastKnownFileType = sourcecode.swift; path = EventsViewConroller.swift; sourceTree = "<group>"; };
		7858A81E2BBAE4CF00127F75 /* ProfileViewContoller.swift */ = {isa = PBXFileReference; lastKnownFileType = sourcecode.swift; path = ProfileViewContoller.swift; sourceTree = "<group>"; };
		7858A8202BBAE56600127F75 /* TabBarController.swift */ = {isa = PBXFileReference; lastKnownFileType = sourcecode.swift; path = TabBarController.swift; sourceTree = "<group>"; };
		7858A8222BBB776300127F75 /* RecomendationTableViewCell.swift */ = {isa = PBXFileReference; lastKnownFileType = sourcecode.swift; path = RecomendationTableViewCell.swift; sourceTree = "<group>"; };
		78703E822BC3C323001DDA87 /* ProfileInfo.swift */ = {isa = PBXFileReference; lastKnownFileType = sourcecode.swift; path = ProfileInfo.swift; sourceTree = "<group>"; };
		78703E842BC3C4B3001DDA87 /* Collection.swift */ = {isa = PBXFileReference; lastKnownFileType = sourcecode.swift; path = Collection.swift; sourceTree = "<group>"; };
		C53627ACDC2FA4D9DB0BF00F /* Pods_ArtExplorer.framework */ = {isa = PBXFileReference; explicitFileType = wrapper.framework; includeInIndex = 0; path = Pods_ArtExplorer.framework; sourceTree = BUILT_PRODUCTS_DIR; };
/* End PBXFileReference section */

/* Begin PBXFrameworksBuildPhase section */
		7858A7F82BBA40D900127F75 /* Frameworks */ = {
			isa = PBXFrameworksBuildPhase;
			buildActionMask = 2147483647;
			files = (
				48B5A5D4102096C4036F8347 /* Pods_ArtExplorer.framework in Frameworks */,
			);
			runOnlyForDeploymentPostprocessing = 0;
		};
/* End PBXFrameworksBuildPhase section */

/* Begin PBXGroup section */
		7432BF7D1204B9FAD0E98735 /* Frameworks */ = {
			isa = PBXGroup;
			children = (
				C53627ACDC2FA4D9DB0BF00F /* Pods_ArtExplorer.framework */,
			);
			name = Frameworks;
			sourceTree = "<group>";
		};
		7858A7F22BBA40D900127F75 = {
			isa = PBXGroup;
			children = (
				7858A7FD2BBA40D900127F75 /* ArtExplorer */,
				7858A7FC2BBA40D900127F75 /* Products */,
				831C821E01BEF4D8F1C0D87C /* Pods */,
				7432BF7D1204B9FAD0E98735 /* Frameworks */,
			);
			sourceTree = "<group>";
		};
		7858A7FC2BBA40D900127F75 /* Products */ = {
			isa = PBXGroup;
			children = (
				7858A7FB2BBA40D900127F75 /* ArtExplorer.app */,
			);
			name = Products;
			sourceTree = "<group>";
		};
		7858A7FD2BBA40D900127F75 /* ArtExplorer */ = {
			isa = PBXGroup;
			children = (
				7858A8142BBA421C00127F75 /* Resources */,
				7858A8132BBA41F400127F75 /* View Contollers */,
				7858A8122BBA41E700127F75 /* Data Models */,
				7858A7FE2BBA40D900127F75 /* AppDelegate.swift */,
				7858A8002BBA40D900127F75 /* SceneDelegate.swift */,
				7858A8092BBA40DB00127F75 /* LaunchScreen.storyboard */,
				7858A80C2BBA40DB00127F75 /* Info.plist */,
			);
			path = ArtExplorer;
			sourceTree = "<group>";
		};
		7858A8122BBA41E700127F75 /* Data Models */ = {
			isa = PBXGroup;
			children = (
				7858A8152BBA454E00127F75 /* Art.swift */,
				78703E822BC3C323001DDA87 /* ProfileInfo.swift */,
				78703E842BC3C4B3001DDA87 /* Collection.swift */,
			);
			path = "Data Models";
			sourceTree = "<group>";
		};
		7858A8132BBA41F400127F75 /* View Contollers */ = {
			isa = PBXGroup;
			children = (
				7858A8172BBA763400127F75 /* RecommendationsViewController.swift */,
				7858A81A2BBAE47D00127F75 /* StudyViewController.swift */,
				7858A81C2BBAE4AA00127F75 /* EventsViewConroller.swift */,
				7858A81E2BBAE4CF00127F75 /* ProfileViewContoller.swift */,
				7858A8202BBAE56600127F75 /* TabBarController.swift */,
				7858A8222BBB776300127F75 /* RecomendationTableViewCell.swift */,
			);
			path = "View Contollers";
			sourceTree = "<group>";
		};
		7858A8142BBA421C00127F75 /* Resources */ = {
			isa = PBXGroup;
			children = (
				7858A8072BBA40DB00127F75 /* Assets.xcassets */,
			);
			path = Resources;
			sourceTree = "<group>";
		};
		831C821E01BEF4D8F1C0D87C /* Pods */ = {
			isa = PBXGroup;
			children = (
				2262C1CCD3EA35B22DAA98BD /* Pods-ArtExplorer.debug.xcconfig */,
				055AEF65631709EC386F760C /* Pods-ArtExplorer.release.xcconfig */,
			);
			path = Pods;
			sourceTree = "<group>";
		};
/* End PBXGroup section */

/* Begin PBXNativeTarget section */
		7858A7FA2BBA40D900127F75 /* ArtExplorer */ = {
			isa = PBXNativeTarget;
			buildConfigurationList = 7858A80F2BBA40DB00127F75 /* Build configuration list for PBXNativeTarget "ArtExplorer" */;
			buildPhases = (
				06009C65B6E4689A2ACAB52F /* [CP] Check Pods Manifest.lock */,
				7858A7F72BBA40D900127F75 /* Sources */,
				7858A7F82BBA40D900127F75 /* Frameworks */,
				7858A7F92BBA40D900127F75 /* Resources */,
				A9C155E576AD9BD7F68C1233 /* [CP] Embed Pods Frameworks */,
				7858A8192BBA9D0500127F75 /* ShellScript */,
			);
			buildRules = (
			);
			dependencies = (
			);
			name = ArtExplorer;
			productName = ArtExplorer;
			productReference = 7858A7FB2BBA40D900127F75 /* ArtExplorer.app */;
			productType = "com.apple.product-type.application";
		};
/* End PBXNativeTarget section */

/* Begin PBXProject section */
		7858A7F32BBA40D900127F75 /* Project object */ = {
			isa = PBXProject;
			attributes = {
				BuildIndependentTargetsInParallel = 1;
				LastSwiftUpdateCheck = 1500;
				LastUpgradeCheck = 1500;
				TargetAttributes = {
					7858A7FA2BBA40D900127F75 = {
						CreatedOnToolsVersion = 15.0;
					};
				};
			};
			buildConfigurationList = 7858A7F62BBA40D900127F75 /* Build configuration list for PBXProject "ArtExplorer" */;
			compatibilityVersion = "Xcode 14.0";
			developmentRegion = en;
			hasScannedForEncodings = 0;
			knownRegions = (
				en,
				Base,
			);
			mainGroup = 7858A7F22BBA40D900127F75;
			productRefGroup = 7858A7FC2BBA40D900127F75 /* Products */;
			projectDirPath = "";
			projectRoot = "";
			targets = (
				7858A7FA2BBA40D900127F75 /* ArtExplorer */,
			);
		};
/* End PBXProject section */

/* Begin PBXResourcesBuildPhase section */
		7858A7F92BBA40D900127F75 /* Resources */ = {
			isa = PBXResourcesBuildPhase;
			buildActionMask = 2147483647;
			files = (
				7858A80B2BBA40DB00127F75 /* LaunchScreen.storyboard in Resources */,
				7858A8082BBA40DB00127F75 /* Assets.xcassets in Resources */,
			);
			runOnlyForDeploymentPostprocessing = 0;
		};
/* End PBXResourcesBuildPhase section */

/* Begin PBXShellScriptBuildPhase section */
		06009C65B6E4689A2ACAB52F /* [CP] Check Pods Manifest.lock */ = {
			isa = PBXShellScriptBuildPhase;
			buildActionMask = 2147483647;
			files = (
			);
			inputFileListPaths = (
			);
			inputPaths = (
				"${PODS_PODFILE_DIR_PATH}/Podfile.lock",
				"${PODS_ROOT}/Manifest.lock",
			);
			name = "[CP] Check Pods Manifest.lock";
			outputFileListPaths = (
			);
			outputPaths = (
				"$(DERIVED_FILE_DIR)/Pods-ArtExplorer-checkManifestLockResult.txt",
			);
			runOnlyForDeploymentPostprocessing = 0;
			shellPath = /bin/sh;
			shellScript = "diff \"${PODS_PODFILE_DIR_PATH}/Podfile.lock\" \"${PODS_ROOT}/Manifest.lock\" > /dev/null\nif [ $? != 0 ] ; then\n    # print error to STDERR\n    echo \"error: The sandbox is not in sync with the Podfile.lock. Run 'pod install' or update your CocoaPods installation.\" >&2\n    exit 1\nfi\n# This output is used by Xcode 'outputs' to avoid re-running this script phase.\necho \"SUCCESS\" > \"${SCRIPT_OUTPUT_FILE_0}\"\n";
			showEnvVarsInLog = 0;
		};
		7858A8192BBA9D0500127F75 /* ShellScript */ = {
			isa = PBXShellScriptBuildPhase;
			buildActionMask = 2147483647;
			files = (
			);
			inputFileListPaths = (
			);
			inputPaths = (
			);
			outputFileListPaths = (
			);
			outputPaths = (
			);
			runOnlyForDeploymentPostprocessing = 0;
			shellPath = /bin/sh;
			shellScript = "
";
		};
		A9C155E576AD9BD7F68C1233 /* [CP] Embed Pods Frameworks */ = {
			isa = PBXShellScriptBuildPhase;
			buildActionMask = 2147483647;
			files = (
			);
			inputFileListPaths = (
				"${PODS_ROOT}/Target Support Files/Pods-ArtExplorer/Pods-ArtExplorer-frameworks-${CONFIGURATION}-input-files.xcfilelist",
			);
			name = "[CP] Embed Pods Frameworks";
			outputFileListPaths = (
				"${PODS_ROOT}/Target Support Files/Pods-ArtExplorer/Pods-ArtExplorer-frameworks-${CONFIGURATION}-output-files.xcfilelist",
			);
			runOnlyForDeploymentPostprocessing = 0;
			shellPath = /bin/sh;
			shellScript = "\"${PODS_ROOT}/Target Support Files/Pods-ArtExplorer/Pods-ArtExplorer-frameworks.sh\"\n";
			showEnvVarsInLog = 0;
		};
/* End PBXShellScriptBuildPhase section */

/* Begin PBXSourcesBuildPhase section */
		7858A7F72BBA40D900127F75 /* Sources */ = {
			isa = PBXSourcesBuildPhase;
			buildActionMask = 2147483647;
			files = (
				7858A81B2BBAE47D00127F75 /* StudyViewController.swift in Sources */,
				7858A81F2BBAE4CF00127F75 /* ProfileViewContoller.swift in Sources */,
				7858A7FF2BBA40D900127F75 /* AppDelegate.swift in Sources */,
				7858A81D2BBAE4AA00127F75 /* EventsViewConroller.swift in Sources */,
				7858A8232BBB776300127F75 /* RecomendationTableViewCell.swift in Sources */,
				78703E852BC3C4B3001DDA87 /* Collection.swift in Sources */,
				78703E832BC3C323001DDA87 /* ProfileInfo.swift in Sources */,
				7858A8182BBA763500127F75 /* RecommendationsViewController.swift in Sources */,
				7858A8012BBA40D900127F75 /* SceneDelegate.swift in Sources */,
				7858A8212BBAE56600127F75 /* TabBarController.swift in Sources */,
				7858A8162BBA454E00127F75 /* Art.swift in Sources */,
			);
			runOnlyForDeploymentPostprocessing = 0;
		};
/* End PBXSourcesBuildPhase section */

/* Begin PBXVariantGroup section */
		7858A8092BBA40DB00127F75 /* LaunchScreen.storyboard */ = {
			isa = PBXVariantGroup;
			children = (
				7858A80A2BBA40DB00127F75 /* Base */,
			);
			name = LaunchScreen.storyboard;
			sourceTree = "<group>";
		};
/* End PBXVariantGroup section */

/* Begin XCBuildConfiguration section */
		7858A80D2BBA40DB00127F75 /* Debug */ = {
			isa = XCBuildConfiguration;
			buildSettings = {
				ALWAYS_SEARCH_USER_PATHS = NO;
				ASSETCATALOG_COMPILER_GENERATE_SWIFT_ASSET_SYMBOL_EXTENSIONS = YES;
				CLANG_ANALYZER_NONNULL = YES;
				CLANG_ANALYZER_NUMBER_OBJECT_CONVERSION = YES_AGGRESSIVE;
				CLANG_CXX_LANGUAGE_STANDARD = "gnu++20";
				CLANG_ENABLE_MODULES = YES;
				CLANG_ENABLE_OBJC_ARC = YES;
				CLANG_ENABLE_OBJC_WEAK = YES;
				CLANG_WARN_BLOCK_CAPTURE_AUTORELEASING = YES;
				CLANG_WARN_BOOL_CONVERSION = YES;
				CLANG_WARN_COMMA = YES;
				CLANG_WARN_CONSTANT_CONVERSION = YES;
				CLANG_WARN_DEPRECATED_OBJC_IMPLEMENTATIONS = YES;
				CLANG_WARN_DIRECT_OBJC_ISA_USAGE = YES_ERROR;
				CLANG_WARN_DOCUMENTATION_COMMENTS = YES;
				CLANG_WARN_EMPTY_BODY = YES;
				CLANG_WARN_ENUM_CONVERSION = YES;
				CLANG_WARN_INFINITE_RECURSION = YES;
				CLANG_WARN_INT_CONVERSION = YES;
				CLANG_WARN_NON_LITERAL_NULL_CONVERSION = YES;
				CLANG_WARN_OBJC_IMPLICIT_RETAIN_SELF = YES;
				CLANG_WARN_OBJC_LITERAL_CONVERSION = YES;
				CLANG_WARN_OBJC_ROOT_CLASS = YES_ERROR;
				CLANG_WARN_QUOTED_INCLUDE_IN_FRAMEWORK_HEADER = YES;
				CLANG_WARN_RANGE_LOOP_ANALYSIS = YES;
				CLANG_WARN_STRICT_PROTOTYPES = YES;
				CLANG_WARN_SUSPICIOUS_MOVE = YES;
				CLANG_WARN_UNGUARDED_AVAILABILITY = YES_AGGRESSIVE;
				CLANG_WARN_UNREACHABLE_CODE = YES;
				CLANG_WARN__DUPLICATE_METHOD_MATCH = YES;
				COPY_PHASE_STRIP = NO;
				DEBUG_INFORMATION_FORMAT = dwarf;
				ENABLE_STRICT_OBJC_MSGSEND = YES;
				ENABLE_TESTABILITY = YES;
				ENABLE_USER_SCRIPT_SANDBOXING = NO;
				GCC_C_LANGUAGE_STANDARD = gnu17;
				GCC_DYNAMIC_NO_PIC = NO;
				GCC_NO_COMMON_BLOCKS = YES;
				GCC_OPTIMIZATION_LEVEL = 0;
				GCC_PREPROCESSOR_DEFINITIONS = (
					"DEBUG=1",
					"$(inherited)",
				);
				GCC_WARN_64_TO_32_BIT_CONVERSION = YES;
				GCC_WARN_ABOUT_RETURN_TYPE = YES_ERROR;
				GCC_WARN_UNDECLARED_SELECTOR = YES;
				GCC_WARN_UNINITIALIZED_AUTOS = YES_AGGRESSIVE;
				GCC_WARN_UNUSED_FUNCTION = YES;
				GCC_WARN_UNUSED_VARIABLE = YES;
				IPHONEOS_DEPLOYMENT_TARGET = 17.0;
				LOCALIZATION_PREFERS_STRING_CATALOGS = YES;
				MTL_ENABLE_DEBUG_INFO = INCLUDE_SOURCE;
				MTL_FAST_MATH = YES;
				ONLY_ACTIVE_ARCH = YES;
				SDKROOT = iphoneos;
				SWIFT_ACTIVE_COMPILATION_CONDITIONS = "DEBUG $(inherited)";
				SWIFT_OPTIMIZATION_LEVEL = "-Onone";
			};
			name = Debug;
		};
		7858A80E2BBA40DB00127F75 /* Release */ = {
			isa = XCBuildConfiguration;
			buildSettings = {
				ALWAYS_SEARCH_USER_PATHS = NO;
				ASSETCATALOG_COMPILER_GENERATE_SWIFT_ASSET_SYMBOL_EXTENSIONS = YES;
				CLANG_ANALYZER_NONNULL = YES;
				CLANG_ANALYZER_NUMBER_OBJECT_CONVERSION = YES_AGGRESSIVE;
				CLANG_CXX_LANGUAGE_STANDARD = "gnu++20";
				CLANG_ENABLE_MODULES = YES;
				CLANG_ENABLE_OBJC_ARC = YES;
				CLANG_ENABLE_OBJC_WEAK = YES;
				CLANG_WARN_BLOCK_CAPTURE_AUTORELEASING = YES;
				CLANG_WARN_BOOL_CONVERSION = YES;
				CLANG_WARN_COMMA = YES;
				CLANG_WARN_CONSTANT_CONVERSION = YES;
				CLANG_WARN_DEPRECATED_OBJC_IMPLEMENTATIONS = YES;
				CLANG_WARN_DIRECT_OBJC_ISA_USAGE = YES_ERROR;
				CLANG_WARN_DOCUMENTATION_COMMENTS = YES;
				CLANG_WARN_EMPTY_BODY = YES;
				CLANG_WARN_ENUM_CONVERSION = YES;
				CLANG_WARN_INFINITE_RECURSION = YES;
				CLANG_WARN_INT_CONVERSION = YES;
				CLANG_WARN_NON_LITERAL_NULL_CONVERSION = YES;
				CLANG_WARN_OBJC_IMPLICIT_RETAIN_SELF = YES;
				CLANG_WARN_OBJC_LITERAL_CONVERSION = YES;
				CLANG_WARN_OBJC_ROOT_CLASS = YES_ERROR;
				CLANG_WARN_QUOTED_INCLUDE_IN_FRAMEWORK_HEADER = YES;
				CLANG_WARN_RANGE_LOOP_ANALYSIS = YES;
				CLANG_WARN_STRICT_PROTOTYPES = YES;
				CLANG_WARN_SUSPICIOUS_MOVE = YES;
				CLANG_WARN_UNGUARDED_AVAILABILITY = YES_AGGRESSIVE;
				CLANG_WARN_UNREACHABLE_CODE = YES;
				CLANG_WARN__DUPLICATE_METHOD_MATCH = YES;
				COPY_PHASE_STRIP = NO;
				DEBUG_INFORMATION_FORMAT = "dwarf-with-dsym";
				ENABLE_NS_ASSERTIONS = NO;
				ENABLE_STRICT_OBJC_MSGSEND = YES;
				ENABLE_USER_SCRIPT_SANDBOXING = NO;
				GCC_C_LANGUAGE_STANDARD = gnu17;
				GCC_NO_COMMON_BLOCKS = YES;
				GCC_WARN_64_TO_32_BIT_CONVERSION = YES;
				GCC_WARN_ABOUT_RETURN_TYPE = YES_ERROR;
				GCC_WARN_UNDECLARED_SELECTOR = YES;
				GCC_WARN_UNINITIALIZED_AUTOS = YES_AGGRESSIVE;
				GCC_WARN_UNUSED_FUNCTION = YES;
				GCC_WARN_UNUSED_VARIABLE = YES;
				IPHONEOS_DEPLOYMENT_TARGET = 17.0;
				LOCALIZATION_PREFERS_STRING_CATALOGS = YES;
				MTL_ENABLE_DEBUG_INFO = NO;
				MTL_FAST_MATH = YES;
				SDKROOT = iphoneos;
				SWIFT_COMPILATION_MODE = wholemodule;
				VALIDATE_PRODUCT = YES;
			};
			name = Release;
		};
		7858A8102BBA40DB00127F75 /* Debug */ = {
			isa = XCBuildConfiguration;
			baseConfigurationReference = 2262C1CCD3EA35B22DAA98BD /* Pods-ArtExplorer.debug.xcconfig */;
			buildSettings = {
				ASSETCATALOG_COMPILER_APPICON_NAME = AppIcon;
				ASSETCATALOG_COMPILER_GLOBAL_ACCENT_COLOR_NAME = AccentColor;
				CODE_SIGN_STYLE = Automatic;
				CURRENT_PROJECT_VERSION = 1;
				GENERATE_INFOPLIST_FILE = YES;
				INFOPLIST_FILE = ArtExplorer/Info.plist;
				INFOPLIST_KEY_UIApplicationSupportsIndirectInputEvents = YES;
				INFOPLIST_KEY_UILaunchStoryboardName = LaunchScreen;
				INFOPLIST_KEY_UISupportedInterfaceOrientations = "UIInterfaceOrientationPortrait UIInterfaceOrientationPortraitUpsideDown";
				LD_RUNPATH_SEARCH_PATHS = (
					"$(inherited)",
					"@executable_path/Frameworks",
				);
				MARKETING_VERSION = 1.0;
				PRODUCT_BUNDLE_IDENTIFIER = anikin02.ArtExplorer;
				PRODUCT_NAME = "$(TARGET_NAME)";
				SWIFT_EMIT_LOC_STRINGS = YES;
				SWIFT_VERSION = 5.0;
				TARGETED_DEVICE_FAMILY = "1,2";
			};
			name = Debug;
		};
		7858A8112BBA40DB00127F75 /* Release */ = {
			isa = XCBuildConfiguration;
			baseConfigurationReference = 055AEF65631709EC386F760C /* Pods-ArtExplorer.release.xcconfig */;
			buildSettings = {
				ASSETCATALOG_COMPILER_APPICON_NAME = AppIcon;
				ASSETCATALOG_COMPILER_GLOBAL_ACCENT_COLOR_NAME = AccentColor;
				CODE_SIGN_STYLE = Automatic;
				CURRENT_PROJECT_VERSION = 1;
				GENERATE_INFOPLIST_FILE = YES;
				INFOPLIST_FILE = ArtExplorer/Info.plist;
				INFOPLIST_KEY_UIApplicationSupportsIndirectInputEvents = YES;
				INFOPLIST_KEY_UILaunchStoryboardName = LaunchScreen;
				INFOPLIST_KEY_UISupportedInterfaceOrientations = "UIInterfaceOrientationPortrait UIInterfaceOrientationPortraitUpsideDown";
				LD_RUNPATH_SEARCH_PATHS = (
					"$(inherited)",
					"@executable_path/Frameworks",
				);
				MARKETING_VERSION = 1.0;
				PRODUCT_BUNDLE_IDENTIFIER = anikin02.ArtExplorer;
				PRODUCT_NAME = "$(TARGET_NAME)";
				SWIFT_EMIT_LOC_STRINGS = YES;
				SWIFT_VERSION = 5.0;
				TARGETED_DEVICE_FAMILY = "1,2";
			};
			name = Release;
		};
/* End XCBuildConfiguration section */

/* Begin XCConfigurationList section */
		7858A7F62BBA40D900127F75 /* Build configuration list for PBXProject "ArtExplorer" */ = {
			isa = XCConfigurationList;
			buildConfigurations = (
				7858A80D2BBA40DB00127F75 /* Debug */,
				7858A80E2BBA40DB00127F75 /* Release */,
			);
			defaultConfigurationIsVisible = 0;
			defaultConfigurationName = Release;
		};
		7858A80F2BBA40DB00127F75 /* Build configuration list for PBXNativeTarget "ArtExplorer" */ = {
			isa = XCConfigurationList;
			buildConfigurations = (
				7858A8102BBA40DB00127F75 /* Debug */,
				7858A8112BBA40DB00127F75 /* Release */,
			);
			defaultConfigurationIsVisible = 0;
			defaultConfigurationName = Release;
		};
/* End XCConfigurationList section */
	};
	rootObject = 7858A7F32BBA40D900127F75 /* Project object */;
}
